
Microsoft Visual Studio Solution File, Format Version 12.00
# Visual Studio Version 17
VisualStudioVersion = 17.4.33205.214
MinimumVisualStudioVersion = 10.0.40219.1
Project("{888888A0-9F3D-457C-B088-3A5042F75D52}") = "TARpv23 Martin Sild Tund 1", "TARpv23 Martin Sild Tund 1.pyproj", "{74319298-2DA7-4AA7-A018-D81F28B18411}"
EndProject
Global
	GlobalSection(SolutionConfigurationPlatforms) = preSolution
		Debug|Any CPU = Debug|Any CPU
		Release|Any CPU = Release|Any CPU
	EndGlobalSection
	GlobalSection(ProjectConfigurationPlatforms) = postSolution
		{74319298-2DA7-4AA7-A018-D81F28B18411}.Debug|Any CPU.ActiveCfg = Debug|Any CPU
		{74319298-2DA7-4AA7-A018-D81F28B18411}.Release|Any CPU.ActiveCfg = Release|Any CPU
	EndGlobalSection
	GlobalSection(SolutionProperties) = preSolution
		HideSolutionNode = FALSE
	EndGlobalSection
	GlobalSection(ExtensibilityGlobals) = postSolution
		SolutionGuid = {BA36456A-344C-4D2A-887F-3D6AA986FE5B}
	EndGlobalSection
EndGlobal
